
Microsoft Visual Studio Solution File, Format Version 11.00
# Visual Studio 2010
Project("{2150E333-8FDC-42A3-9474-1A3956D46DE8}") = "DebugEngine", "DebugEngine", "{A26599FF-EE45-48FF-BF60-AED141AB2325}"
EndProject
Project("{2150E333-8FDC-42A3-9474-1A3956D46DE8}") = "Symbols", "Symbols", "{9FB29AE2-2EBC-45BE-975A-FDC696C321EB}"
EndProject
Project("{2150E333-8FDC-42A3-9474-1A3956D46DE8}") = "Expression", "Expression", "{57378E6E-5159-4266-B118-216BB520F80B}"
EndProject
Project("{2150E333-8FDC-42A3-9474-1A3956D46DE8}") = "Debuggees", "Debuggees", "{43ACEA5B-DA70-4C33-A3D0-2539E780AEE5}"
EndProject
Project("{2150E333-8FDC-42A3-9474-1A3956D46DE8}") = "UnitTests", "UnitTests", "{975B1E48-FAB4-431C-B0F7-76AEA7B58E3B}"
EndProject
Project("{2150E333-8FDC-42A3-9474-1A3956D46DE8}") = "Disassembler", "Disassembler", "{CC2A4E90-5D1F-4FE3-812C-6A3F75FC9C1D}"
EndProject
Project("{8BC9CEB8-8B4A-11D0-8D11-00A0C91BC942}") = "BinImage", "CVSym\BinImage\BinImage.vcxproj", "{50220F87-0F20-49B1-B111-A25E1A6C98D9}"
EndProject
Project("{8BC9CEB8-8B4A-11D0-8D11-00A0C91BC942}") = "CVSym", "CVSym\CVSym\CVSym.vcxproj", "{D4DE19AE-33EF-4B61-BFFE-784582BC68C1}"
EndProject
Project("{8BC9CEB8-8B4A-11D0-8D11-00A0C91BC942}") = "CVSTI", "CVSym\CVSTI\CVSTI.vcxproj", "{18E6FA8B-62C6-42D7-964B-4C34C797075B}"
EndProject
Project("{8BC9CEB8-8B4A-11D0-8D11-00A0C91BC942}") = "EED", "EED\EED\EED.vcxproj", "{C600B88C-B39F-4475-9144-595A14067E32}"
EndProject
Project("{8BC9CEB8-8B4A-11D0-8D11-00A0C91BC942}") = "EEDTest", "EED\EEDTest\EEDTest.vcxproj", "{8502EE03-8CEE-40F3-8D88-757F9AEE721F}"
EndProject
Project("{8BC9CEB8-8B4A-11D0-8D11-00A0C91BC942}") = "gdtoa", "EED\gdtoa\gdtoa.vcxproj", "{40804C2D-4AF3-4E82-A1E8-018FF56B2BBA}"
EndProject
Project("{8BC9CEB8-8B4A-11D0-8D11-00A0C91BC942}") = "MagoNatEE", "EED\MagoNatEE\MagoNatEE.vcxproj", "{6C8DF626-4A5E-47D9-A36F-ABAD63C4D1BB}"
EndProject
Project("{8BC9CEB8-8B4A-11D0-8D11-00A0C91BC942}") = "Real", "EED\Real\Real.vcxproj", "{76C10ABF-B392-4DBD-8658-8D36AE7EA571}"
EndProject
Project("{8BC9CEB8-8B4A-11D0-8D11-00A0C91BC942}") = "Exec", "DebugEngine\Exec\Exec.vcxproj", "{C51C2776-4A52-4CC2-ADAB-0BBB7C8C1CDF}"
EndProject
Project("{8BC9CEB8-8B4A-11D0-8D11-00A0C91BC942}") = "MagoNatDE", "DebugEngine\MagoNatDE\MagoNatDE.vcxproj", "{11BDC5B8-31E1-4127-A313-5B599EF506FC}"
EndProject
Project("{8BC9CEB8-8B4A-11D0-8D11-00A0C91BC942}") = "test1", "DebugEngine\Debuggees\test1\test1.vcxproj", "{AF28D6F8-03EF-4AA3-98E3-D9C300A3B8DA}"
EndProject
Project("{8BC9CEB8-8B4A-11D0-8D11-00A0C91BC942}") = "testEvents", "DebugEngine\Debuggees\testEvents\testEvents.vcxproj", "{25B83392-B3D5-4485-ACDA-BC21CAB6A49A}"
EndProject
Project("{8BC9CEB8-8B4A-11D0-8D11-00A0C91BC942}") = "testOptions", "DebugEngine\Debuggees\testOptions\testOptions.vcxproj", "{7E03C1CA-8226-44B1-A10B-B4BA0F1843C6}"
EndProject
Project("{8BC9CEB8-8B4A-11D0-8D11-00A0C91BC942}") = "testSleep", "DebugEngine\Debuggees\testSleep\testSleep.vcxproj", "{C34D5405-9BD8-4214-97E0-8AC4A81A216E}"
EndProject
Project("{8BC9CEB8-8B4A-11D0-8D11-00A0C91BC942}") = "testStepOneThread", "DebugEngine\Debuggees\testStepOneThread\testStepOneThread.vcxproj", "{6275FADA-3BC8-48B2-AE90-3AA9F70DC83F}"
EndProject
Project("{8BC9CEB8-8B4A-11D0-8D11-00A0C91BC942}") = "testThread", "DebugEngine\Debuggees\testThread\testThread.vcxproj", "{4749E188-E3E9-4656-8B0B-EAE020C17AE2}"
EndProject
Project("{8BC9CEB8-8B4A-11D0-8D11-00A0C91BC942}") = "utest1", "DebugEngine\UnitTests\utest1\utest1.vcxproj", "{D8BA5D4E-4BA2-40BA-ADB6-186AB4244743}"
EndProject
Project("{8BC9CEB8-8B4A-11D0-8D11-00A0C91BC942}") = "utestExec", "DebugEngine\UnitTests\utestExec\utestExec.vcxproj", "{E997B82C-7E3C-4916-8B3B-48A0F39A29E6}"
EndProject
Project("{8BC9CEB8-8B4A-11D0-8D11-00A0C91BC942}") = "libudis86", "udis86\libudis86\libudis86.vcxproj", "{B52FB534-B06C-46AE-ACC2-169C33311F23}"
EndProject
Project("{8BC9CEB8-8B4A-11D0-8D11-00A0C91BC942}") = "udis86", "udis86\udis86\udis86.vcxproj", "{640F0DA5-72AC-4354-8BB5-81D9DCAE29BC}"
EndProject
Project("{8BC9CEB8-8B4A-11D0-8D11-00A0C91BC942}") = "MagoRemote", "DebugEngine\MagoRemote\MagoRemote.vcxproj", "{E101E50F-5E93-4519-825A-6B19D988DA77}"
	ProjectSection(ProjectDependencies) = postProject
		{C51C2776-4A52-4CC2-ADAB-0BBB7C8C1CDF} = {C51C2776-4A52-4CC2-ADAB-0BBB7C8C1CDF}
	EndProjectSection
EndProject
Global
	GlobalSection(SolutionConfigurationPlatforms) = preSolution
		Debug|Win32 = Debug|Win32
		Debug|x64 = Debug|x64
		Release|Win32 = Release|Win32
		Release|x64 = Release|x64
	EndGlobalSection
	GlobalSection(ProjectConfigurationPlatforms) = postSolution
		{50220F87-0F20-49B1-B111-A25E1A6C98D9}.Debug|Win32.ActiveCfg = Debug|Win32
		{50220F87-0F20-49B1-B111-A25E1A6C98D9}.Debug|Win32.Build.0 = Debug|Win32
		{50220F87-0F20-49B1-B111-A25E1A6C98D9}.Debug|x64.ActiveCfg = Debug|Win32
		{50220F87-0F20-49B1-B111-A25E1A6C98D9}.Release|Win32.ActiveCfg = Release|Win32
		{50220F87-0F20-49B1-B111-A25E1A6C98D9}.Release|Win32.Build.0 = Release|Win32
		{50220F87-0F20-49B1-B111-A25E1A6C98D9}.Release|x64.ActiveCfg = Release|Win32
		{D4DE19AE-33EF-4B61-BFFE-784582BC68C1}.Debug|Win32.ActiveCfg = Debug|Win32
		{D4DE19AE-33EF-4B61-BFFE-784582BC68C1}.Debug|Win32.Build.0 = Debug|Win32
		{D4DE19AE-33EF-4B61-BFFE-784582BC68C1}.Debug|x64.ActiveCfg = Debug|Win32
		{D4DE19AE-33EF-4B61-BFFE-784582BC68C1}.Release|Win32.ActiveCfg = Release|Win32
		{D4DE19AE-33EF-4B61-BFFE-784582BC68C1}.Release|Win32.Build.0 = Release|Win32
		{D4DE19AE-33EF-4B61-BFFE-784582BC68C1}.Release|x64.ActiveCfg = Release|Win32
		{18E6FA8B-62C6-42D7-964B-4C34C797075B}.Debug|Win32.ActiveCfg = Debug|Win32
		{18E6FA8B-62C6-42D7-964B-4C34C797075B}.Debug|Win32.Build.0 = Debug|Win32
		{18E6FA8B-62C6-42D7-964B-4C34C797075B}.Debug|x64.ActiveCfg = Debug|Win32
		{18E6FA8B-62C6-42D7-964B-4C34C797075B}.Release|Win32.ActiveCfg = Release|Win32
		{18E6FA8B-62C6-42D7-964B-4C34C797075B}.Release|Win32.Build.0 = Release|Win32
		{18E6FA8B-62C6-42D7-964B-4C34C797075B}.Release|x64.ActiveCfg = Release|Win32
		{C600B88C-B39F-4475-9144-595A14067E32}.Debug|Win32.ActiveCfg = Debug|Win32
		{C600B88C-B39F-4475-9144-595A14067E32}.Debug|Win32.Build.0 = Debug|Win32
		{C600B88C-B39F-4475-9144-595A14067E32}.Debug|x64.ActiveCfg = Debug|Win32
		{C600B88C-B39F-4475-9144-595A14067E32}.Release|Win32.ActiveCfg = Release|Win32
		{C600B88C-B39F-4475-9144-595A14067E32}.Release|Win32.Build.0 = Release|Win32
		{C600B88C-B39F-4475-9144-595A14067E32}.Release|x64.ActiveCfg = Release|Win32
		{8502EE03-8CEE-40F3-8D88-757F9AEE721F}.Debug|Win32.ActiveCfg = Debug|Win32
		{8502EE03-8CEE-40F3-8D88-757F9AEE721F}.Debug|Win32.Build.0 = Debug|Win32
		{8502EE03-8CEE-40F3-8D88-757F9AEE721F}.Debug|x64.ActiveCfg = Debug|Win32
		{8502EE03-8CEE-40F3-8D88-757F9AEE721F}.Release|Win32.ActiveCfg = Release|Win32
		{8502EE03-8CEE-40F3-8D88-757F9AEE721F}.Release|Win32.Build.0 = Release|Win32
		{8502EE03-8CEE-40F3-8D88-757F9AEE721F}.Release|x64.ActiveCfg = Release|Win32
		{40804C2D-4AF3-4E82-A1E8-018FF56B2BBA}.Debug|Win32.ActiveCfg = Debug|Win32
		{40804C2D-4AF3-4E82-A1E8-018FF56B2BBA}.Debug|Win32.Build.0 = Debug|Win32
		{40804C2D-4AF3-4E82-A1E8-018FF56B2BBA}.Debug|x64.ActiveCfg = Debug|Win32
		{40804C2D-4AF3-4E82-A1E8-018FF56B2BBA}.Release|Win32.ActiveCfg = Release|Win32
		{40804C2D-4AF3-4E82-A1E8-018FF56B2BBA}.Release|Win32.Build.0 = Release|Win32
		{40804C2D-4AF3-4E82-A1E8-018FF56B2BBA}.Release|x64.ActiveCfg = Release|Win32
		{6C8DF626-4A5E-47D9-A36F-ABAD63C4D1BB}.Debug|Win32.ActiveCfg = Debug|Win32
		{6C8DF626-4A5E-47D9-A36F-ABAD63C4D1BB}.Debug|Win32.Build.0 = Debug|Win32
		{6C8DF626-4A5E-47D9-A36F-ABAD63C4D1BB}.Debug|x64.ActiveCfg = Debug|Win32
		{6C8DF626-4A5E-47D9-A36F-ABAD63C4D1BB}.Release|Win32.ActiveCfg = Release|Win32
		{6C8DF626-4A5E-47D9-A36F-ABAD63C4D1BB}.Release|Win32.Build.0 = Release|Win32
		{6C8DF626-4A5E-47D9-A36F-ABAD63C4D1BB}.Release|x64.ActiveCfg = Release|Win32
		{76C10ABF-B392-4DBD-8658-8D36AE7EA571}.Debug|Win32.ActiveCfg = Debug|Win32
		{76C10ABF-B392-4DBD-8658-8D36AE7EA571}.Debug|Win32.Build.0 = Debug|Win32
		{76C10ABF-B392-4DBD-8658-8D36AE7EA571}.Debug|x64.ActiveCfg = Debug|Win32
		{76C10ABF-B392-4DBD-8658-8D36AE7EA571}.Release|Win32.ActiveCfg = Release|Win32
		{76C10ABF-B392-4DBD-8658-8D36AE7EA571}.Release|Win32.Build.0 = Release|Win32
		{76C10ABF-B392-4DBD-8658-8D36AE7EA571}.Release|x64.ActiveCfg = Release|Win32
		{C51C2776-4A52-4CC2-ADAB-0BBB7C8C1CDF}.Debug|Win32.ActiveCfg = Debug|Win32
		{C51C2776-4A52-4CC2-ADAB-0BBB7C8C1CDF}.Debug|Win32.Build.0 = Debug|Win32
		{C51C2776-4A52-4CC2-ADAB-0BBB7C8C1CDF}.Debug|x64.ActiveCfg = Debug|x64
		{C51C2776-4A52-4CC2-ADAB-0BBB7C8C1CDF}.Debug|x64.Build.0 = Debug|x64
		{C51C2776-4A52-4CC2-ADAB-0BBB7C8C1CDF}.Release|Win32.ActiveCfg = Release|Win32
		{C51C2776-4A52-4CC2-ADAB-0BBB7C8C1CDF}.Release|Win32.Build.0 = Release|Win32
		{C51C2776-4A52-4CC2-ADAB-0BBB7C8C1CDF}.Release|x64.ActiveCfg = Release|x64
		{C51C2776-4A52-4CC2-ADAB-0BBB7C8C1CDF}.Release|x64.Build.0 = Release|x64
		{11BDC5B8-31E1-4127-A313-5B599EF506FC}.Debug|Win32.ActiveCfg = Debug|Win32
		{11BDC5B8-31E1-4127-A313-5B599EF506FC}.Debug|Win32.Build.0 = Debug|Win32
		{11BDC5B8-31E1-4127-A313-5B599EF506FC}.Debug|x64.ActiveCfg = Debug|x64
		{11BDC5B8-31E1-4127-A313-5B599EF506FC}.Release|Win32.ActiveCfg = Release|Win32
		{11BDC5B8-31E1-4127-A313-5B599EF506FC}.Release|Win32.Build.0 = Release|Win32
		{11BDC5B8-31E1-4127-A313-5B599EF506FC}.Release|x64.ActiveCfg = Release|x64
		{AF28D6F8-03EF-4AA3-98E3-D9C300A3B8DA}.Debug|Win32.ActiveCfg = Debug|Win32
		{AF28D6F8-03EF-4AA3-98E3-D9C300A3B8DA}.Debug|Win32.Build.0 = Debug|Win32
		{AF28D6F8-03EF-4AA3-98E3-D9C300A3B8DA}.Debug|x64.ActiveCfg = Debug|x64
		{AF28D6F8-03EF-4AA3-98E3-D9C300A3B8DA}.Debug|x64.Build.0 = Debug|x64
		{AF28D6F8-03EF-4AA3-98E3-D9C300A3B8DA}.Release|Win32.ActiveCfg = Release|Win32
		{AF28D6F8-03EF-4AA3-98E3-D9C300A3B8DA}.Release|Win32.Build.0 = Release|Win32
		{AF28D6F8-03EF-4AA3-98E3-D9C300A3B8DA}.Release|x64.ActiveCfg = Release|x64
		{AF28D6F8-03EF-4AA3-98E3-D9C300A3B8DA}.Release|x64.Build.0 = Release|x64
		{25B83392-B3D5-4485-ACDA-BC21CAB6A49A}.Debug|Win32.ActiveCfg = Debug|Win32
		{25B83392-B3D5-4485-ACDA-BC21CAB6A49A}.Debug|Win32.Build.0 = Debug|Win32
		{25B83392-B3D5-4485-ACDA-BC21CAB6A49A}.Debug|x64.ActiveCfg = Debug|x64
		{25B83392-B3D5-4485-ACDA-BC21CAB6A49A}.Release|Win32.ActiveCfg = Release|Win32
		{25B83392-B3D5-4485-ACDA-BC21CAB6A49A}.Release|Win32.Build.0 = Release|Win32
		{25B83392-B3D5-4485-ACDA-BC21CAB6A49A}.Release|x64.ActiveCfg = Release|x64
		{7E03C1CA-8226-44B1-A10B-B4BA0F1843C6}.Debug|Win32.ActiveCfg = Debug|Win32
		{7E03C1CA-8226-44B1-A10B-B4BA0F1843C6}.Debug|Win32.Build.0 = Debug|Win32
		{7E03C1CA-8226-44B1-A10B-B4BA0F1843C6}.Debug|x64.ActiveCfg = Debug|x64
		{7E03C1CA-8226-44B1-A10B-B4BA0F1843C6}.Debug|x64.Build.0 = Debug|x64
		{7E03C1CA-8226-44B1-A10B-B4BA0F1843C6}.Release|Win32.ActiveCfg = Release|Win32
		{7E03C1CA-8226-44B1-A10B-B4BA0F1843C6}.Release|Win32.Build.0 = Release|Win32
		{7E03C1CA-8226-44B1-A10B-B4BA0F1843C6}.Release|x64.ActiveCfg = Release|x64
		{7E03C1CA-8226-44B1-A10B-B4BA0F1843C6}.Release|x64.Build.0 = Release|x64
		{C34D5405-9BD8-4214-97E0-8AC4A81A216E}.Debug|Win32.ActiveCfg = Debug|Win32
		{C34D5405-9BD8-4214-97E0-8AC4A81A216E}.Debug|Win32.Build.0 = Debug|Win32
		{C34D5405-9BD8-4214-97E0-8AC4A81A216E}.Debug|x64.ActiveCfg = Debug|x64
		{C34D5405-9BD8-4214-97E0-8AC4A81A216E}.Debug|x64.Build.0 = Debug|x64
		{C34D5405-9BD8-4214-97E0-8AC4A81A216E}.Release|Win32.ActiveCfg = Release|Win32
		{C34D5405-9BD8-4214-97E0-8AC4A81A216E}.Release|Win32.Build.0 = Release|Win32
		{C34D5405-9BD8-4214-97E0-8AC4A81A216E}.Release|x64.ActiveCfg = Release|x64
		{C34D5405-9BD8-4214-97E0-8AC4A81A216E}.Release|x64.Build.0 = Release|x64
		{6275FADA-3BC8-48B2-AE90-3AA9F70DC83F}.Debug|Win32.ActiveCfg = Debug|Win32
		{6275FADA-3BC8-48B2-AE90-3AA9F70DC83F}.Debug|Win32.Build.0 = Debug|Win32
		{6275FADA-3BC8-48B2-AE90-3AA9F70DC83F}.Debug|x64.ActiveCfg = Debug|x64
		{6275FADA-3BC8-48B2-AE90-3AA9F70DC83F}.Release|Win32.ActiveCfg = Release|Win32
		{6275FADA-3BC8-48B2-AE90-3AA9F70DC83F}.Release|Win32.Build.0 = Release|Win32
		{6275FADA-3BC8-48B2-AE90-3AA9F70DC83F}.Release|x64.ActiveCfg = Release|x64
		{4749E188-E3E9-4656-8B0B-EAE020C17AE2}.Debug|Win32.ActiveCfg = Debug|Win32
		{4749E188-E3E9-4656-8B0B-EAE020C17AE2}.Debug|Win32.Build.0 = Debug|Win32
		{4749E188-E3E9-4656-8B0B-EAE020C17AE2}.Debug|x64.ActiveCfg = Debug|Win32
		{4749E188-E3E9-4656-8B0B-EAE020C17AE2}.Release|Win32.ActiveCfg = Release|Win32
		{4749E188-E3E9-4656-8B0B-EAE020C17AE2}.Release|Win32.Build.0 = Release|Win32
		{4749E188-E3E9-4656-8B0B-EAE020C17AE2}.Release|x64.ActiveCfg = Release|Win32
		{D8BA5D4E-4BA2-40BA-ADB6-186AB4244743}.Debug|Win32.ActiveCfg = Debug|Win32
		{D8BA5D4E-4BA2-40BA-ADB6-186AB4244743}.Debug|Win32.Build.0 = Debug|Win32
		{D8BA5D4E-4BA2-40BA-ADB6-186AB4244743}.Debug|x64.ActiveCfg = Debug|x64
		{D8BA5D4E-4BA2-40BA-ADB6-186AB4244743}.Debug|x64.Build.0 = Debug|x64
		{D8BA5D4E-4BA2-40BA-ADB6-186AB4244743}.Release|Win32.ActiveCfg = Release|Win32
		{D8BA5D4E-4BA2-40BA-ADB6-186AB4244743}.Release|Win32.Build.0 = Release|Win32
		{D8BA5D4E-4BA2-40BA-ADB6-186AB4244743}.Release|x64.ActiveCfg = Release|x64
		{D8BA5D4E-4BA2-40BA-ADB6-186AB4244743}.Release|x64.Build.0 = Release|x64
		{E997B82C-7E3C-4916-8B3B-48A0F39A29E6}.Debug|Win32.ActiveCfg = Debug|Win32
		{E997B82C-7E3C-4916-8B3B-48A0F39A29E6}.Debug|Win32.Build.0 = Debug|Win32
		{E997B82C-7E3C-4916-8B3B-48A0F39A29E6}.Debug|x64.ActiveCfg = Debug|x64
		{E997B82C-7E3C-4916-8B3B-48A0F39A29E6}.Release|Win32.ActiveCfg = Release|Win32
		{E997B82C-7E3C-4916-8B3B-48A0F39A29E6}.Release|Win32.Build.0 = Release|Win32
		{E997B82C-7E3C-4916-8B3B-48A0F39A29E6}.Release|x64.ActiveCfg = Release|x64
		{B52FB534-B06C-46AE-ACC2-169C33311F23}.Debug|Win32.ActiveCfg = Debug|Win32
		{B52FB534-B06C-46AE-ACC2-169C33311F23}.Debug|Win32.Build.0 = Debug|Win32
		{B52FB534-B06C-46AE-ACC2-169C33311F23}.Debug|x64.ActiveCfg = Debug|Win32
		{B52FB534-B06C-46AE-ACC2-169C33311F23}.Release|Win32.ActiveCfg = Release|Win32
		{B52FB534-B06C-46AE-ACC2-169C33311F23}.Release|Win32.Build.0 = Release|Win32
		{B52FB534-B06C-46AE-ACC2-169C33311F23}.Release|x64.ActiveCfg = Release|Win32
		{640F0DA5-72AC-4354-8BB5-81D9DCAE29BC}.Debug|Win32.ActiveCfg = Debug|Win32
		{640F0DA5-72AC-4354-8BB5-81D9DCAE29BC}.Debug|Win32.Build.0 = Debug|Win32
		{640F0DA5-72AC-4354-8BB5-81D9DCAE29BC}.Debug|x64.ActiveCfg = Debug|Win32
		{640F0DA5-72AC-4354-8BB5-81D9DCAE29BC}.Release|Win32.ActiveCfg = Release|Win32
		{640F0DA5-72AC-4354-8BB5-81D9DCAE29BC}.Release|Win32.Build.0 = Release|Win32
		{640F0DA5-72AC-4354-8BB5-81D9DCAE29BC}.Release|x64.ActiveCfg = Release|Win32
		{E101E50F-5E93-4519-825A-6B19D988DA77}.Debug|Win32.ActiveCfg = Debug|Win32
		{E101E50F-5E93-4519-825A-6B19D988DA77}.Debug|Win32.Build.0 = Debug|Win32
		{E101E50F-5E93-4519-825A-6B19D988DA77}.Debug|x64.ActiveCfg = Debug|x64
		{E101E50F-5E93-4519-825A-6B19D988DA77}.Debug|x64.Build.0 = Debug|x64
		{E101E50F-5E93-4519-825A-6B19D988DA77}.Release|Win32.ActiveCfg = Release|Win32
		{E101E50F-5E93-4519-825A-6B19D988DA77}.Release|Win32.Build.0 = Release|Win32
		{E101E50F-5E93-4519-825A-6B19D988DA77}.Release|x64.ActiveCfg = Release|x64
		{E101E50F-5E93-4519-825A-6B19D988DA77}.Release|x64.Build.0 = Release|x64
	EndGlobalSection
	GlobalSection(SolutionProperties) = preSolution
		HideSolutionNode = FALSE
	EndGlobalSection
	GlobalSection(NestedProjects) = preSolution
		{43ACEA5B-DA70-4C33-A3D0-2539E780AEE5} = {A26599FF-EE45-48FF-BF60-AED141AB2325}
		{975B1E48-FAB4-431C-B0F7-76AEA7B58E3B} = {A26599FF-EE45-48FF-BF60-AED141AB2325}
		{C51C2776-4A52-4CC2-ADAB-0BBB7C8C1CDF} = {A26599FF-EE45-48FF-BF60-AED141AB2325}
		{11BDC5B8-31E1-4127-A313-5B599EF506FC} = {A26599FF-EE45-48FF-BF60-AED141AB2325}
		{E101E50F-5E93-4519-825A-6B19D988DA77} = {A26599FF-EE45-48FF-BF60-AED141AB2325}
		{50220F87-0F20-49B1-B111-A25E1A6C98D9} = {9FB29AE2-2EBC-45BE-975A-FDC696C321EB}
		{D4DE19AE-33EF-4B61-BFFE-784582BC68C1} = {9FB29AE2-2EBC-45BE-975A-FDC696C321EB}
		{18E6FA8B-62C6-42D7-964B-4C34C797075B} = {9FB29AE2-2EBC-45BE-975A-FDC696C321EB}
		{C600B88C-B39F-4475-9144-595A14067E32} = {57378E6E-5159-4266-B118-216BB520F80B}
		{8502EE03-8CEE-40F3-8D88-757F9AEE721F} = {57378E6E-5159-4266-B118-216BB520F80B}
		{40804C2D-4AF3-4E82-A1E8-018FF56B2BBA} = {57378E6E-5159-4266-B118-216BB520F80B}
		{6C8DF626-4A5E-47D9-A36F-ABAD63C4D1BB} = {57378E6E-5159-4266-B118-216BB520F80B}
		{76C10ABF-B392-4DBD-8658-8D36AE7EA571} = {57378E6E-5159-4266-B118-216BB520F80B}
		{AF28D6F8-03EF-4AA3-98E3-D9C300A3B8DA} = {43ACEA5B-DA70-4C33-A3D0-2539E780AEE5}
		{25B83392-B3D5-4485-ACDA-BC21CAB6A49A} = {43ACEA5B-DA70-4C33-A3D0-2539E780AEE5}
		{7E03C1CA-8226-44B1-A10B-B4BA0F1843C6} = {43ACEA5B-DA70-4C33-A3D0-2539E780AEE5}
		{C34D5405-9BD8-4214-97E0-8AC4A81A216E} = {43ACEA5B-DA70-4C33-A3D0-2539E780AEE5}
		{6275FADA-3BC8-48B2-AE90-3AA9F70DC83F} = {43ACEA5B-DA70-4C33-A3D0-2539E780AEE5}
		{4749E188-E3E9-4656-8B0B-EAE020C17AE2} = {43ACEA5B-DA70-4C33-A3D0-2539E780AEE5}
		{D8BA5D4E-4BA2-40BA-ADB6-186AB4244743} = {975B1E48-FAB4-431C-B0F7-76AEA7B58E3B}
		{E997B82C-7E3C-4916-8B3B-48A0F39A29E6} = {975B1E48-FAB4-431C-B0F7-76AEA7B58E3B}
		{B52FB534-B06C-46AE-ACC2-169C33311F23} = {CC2A4E90-5D1F-4FE3-812C-6A3F75FC9C1D}
		{640F0DA5-72AC-4354-8BB5-81D9DCAE29BC} = {CC2A4E90-5D1F-4FE3-812C-6A3F75FC9C1D}
	EndGlobalSection
EndGlobal
