<?xml version="1.0" encoding="utf-8"?>
<Project ToolsVersion="4.0" xmlns="http://schemas.microsoft.com/developer/msbuild/2003">
  <ItemGroup>
    <Filter Include="Source Files">
      <UniqueIdentifier>{4FC737F1-C7A5-4376-A066-2A32D752A2FF}</UniqueIdentifier>
      <Extensions>cpp;c;cc;cxx;def;odl;idl;hpj;bat;asm;asmx</Extensions>
    </Filter>
    <Filter Include="Header Files">
      <UniqueIdentifier>{93995380-89BD-4b04-88EB-625FBE52EBFB}</UniqueIdentifier>
      <Extensions>h;hpp;hxx;hm;inl;inc;xsd</Extensions>
    </Filter>
    <Filter Include="Resource Files">
      <UniqueIdentifier>{67DA6AB6-F800-4c08-8B7A-83BB121AAD01}</UniqueIdentifier>
      <Extensions>rc;ico;cur;bmp;dlg;rc2;rct;bin;rgs;gif;jpg;jpeg;jpe;resx;tiff;tif;png;wav</Extensions>
    </Filter>
    <Filter Include="Generated Files">
      <UniqueIdentifier>{3f92c922-8b92-4e70-92f6-ac5e4d4d88bf}</UniqueIdentifier>
      <SourceControlFiles>False</SourceControlFiles>
    </Filter>
  </ItemGroup>
  <ItemGroup>
    <ClCompile Include="BoundBreakpoint.cpp">
      <Filter>Source Files</Filter>
    </ClCompile>
    <ClCompile Include="BPBinderCallback.cpp">
      <Filter>Source Files</Filter>
    </ClCompile>
    <ClCompile Include="BPBinders.cpp">
      <Filter>Source Files</Filter>
    </ClCompile>
    <ClCompile Include="BPDocumentContext.cpp">
      <Filter>Source Files</Filter>
    </ClCompile>
    <ClCompile Include="BreakpointResolution.cpp">
      <Filter>Source Files</Filter>
    </ClCompile>
    <ClCompile Include="CodeContext.cpp">
      <Filter>Source Files</Filter>
    </ClCompile>
    <ClCompile Include="Common.cpp">
      <Filter>Source Files</Filter>
    </ClCompile>
    <ClCompile Include="Config.cpp">
      <Filter>Source Files</Filter>
    </ClCompile>
    <ClCompile Include="CVDecls.cpp">
      <Filter>Source Files</Filter>
    </ClCompile>
    <ClCompile Include="DebuggerProxy.cpp">
      <Filter>Source Files</Filter>
    </ClCompile>
    <ClCompile Include="DiaLoadCallback.cpp">
      <Filter>Source Files</Filter>
    </ClCompile>
    <ClCompile Include="DisassemblyStream.cpp">
      <Filter>Source Files</Filter>
    </ClCompile>
    <ClCompile Include="dllmain.cpp">
      <Filter>Source Files</Filter>
    </ClCompile>
    <ClCompile Include="DocumentContext.cpp">
      <Filter>Source Files</Filter>
    </ClCompile>
    <ClCompile Include="Engine.cpp">
      <Filter>Source Files</Filter>
    </ClCompile>
    <ClCompile Include="EnumFrameInfo.cpp">
      <Filter>Source Files</Filter>
    </ClCompile>
    <ClCompile Include="EnumPropertyInfo.cpp">
      <Filter>Source Files</Filter>
    </ClCompile>
    <ClCompile Include="EnumX86Reg.cpp">
      <Filter>Source Files</Filter>
    </ClCompile>
    <ClCompile Include="ErrorBreakpoint.cpp">
      <Filter>Source Files</Filter>
    </ClCompile>
    <ClCompile Include="ErrorBreakpointResolution.cpp">
      <Filter>Source Files</Filter>
    </ClCompile>
    <ClCompile Include="ErrorProperty.cpp">
      <Filter>Source Files</Filter>
    </ClCompile>
    <ClCompile Include="EventCallback.cpp">
      <Filter>Source Files</Filter>
    </ClCompile>
    <ClCompile Include="Events.cpp">
      <Filter>Source Files</Filter>
    </ClCompile>
    <ClCompile Include="Expr.cpp">
      <Filter>Source Files</Filter>
    </ClCompile>
    <ClCompile Include="ExprContext.cpp">
      <Filter>Source Files</Filter>
    </ClCompile>
    <ClCompile Include="FormatNum.cpp">
      <Filter>Source Files</Filter>
    </ClCompile>
    <ClCompile Include="FrameProperty.cpp">
      <Filter>Source Files</Filter>
    </ClCompile>
    <ClCompile Include="InstCache.cpp">
      <Filter>Source Files</Filter>
    </ClCompile>
    <ClCompile Include="MagoNatDE.cpp">
      <Filter>Source Files</Filter>
    </ClCompile>
    <ClCompile Include="MemoryBytes.cpp">
      <Filter>Source Files</Filter>
    </ClCompile>
    <ClCompile Include="Module.cpp">
      <Filter>Source Files</Filter>
    </ClCompile>
    <ClCompile Include="PendingBreakpoint.cpp">
      <Filter>Source Files</Filter>
    </ClCompile>
    <ClCompile Include="Program.cpp">
      <Filter>Source Files</Filter>
    </ClCompile>
    <ClCompile Include="ProgramNode.cpp">
      <Filter>Source Files</Filter>
    </ClCompile>
    <ClCompile Include="Property.cpp">
      <Filter>Source Files</Filter>
    </ClCompile>
    <ClCompile Include="RegisterSet.cpp">
      <Filter>Source Files</Filter>
    </ClCompile>
    <ClCompile Include="RegProperty.cpp">
      <Filter>Source Files</Filter>
    </ClCompile>
    <ClCompile Include="SingleDocumentContext.cpp">
      <Filter>Source Files</Filter>
    </ClCompile>
    <ClCompile Include="StackFrame.cpp">
      <Filter>Source Files</Filter>
    </ClCompile>
    <ClCompile Include="Thread.cpp">
      <Filter>Source Files</Filter>
    </ClCompile>
    <ClCompile Include="Utility.cpp">
      <Filter>Source Files</Filter>
    </ClCompile>
    <ClCompile Include="MagoNatDE_i.c">
      <Filter>Generated Files</Filter>
    </ClCompile>
    <ClCompile Include="DocTracker.cpp">
      <Filter>Source Files</Filter>
    </ClCompile>
    <ClCompile Include="ExceptionTable.cpp">
      <Filter>Source Files</Filter>
    </ClCompile>
    <ClCompile Include="ArchDataX86.cpp">
      <Filter>Source Files</Filter>
    </ClCompile>
    <ClCompile Include="ArchData.cpp">
      <Filter>Source Files</Filter>
    </ClCompile>
    <ClCompile Include="WinStackWalker.cpp">
      <Filter>Source Files</Filter>
    </ClCompile>
    <ClCompile Include="DRuntime.cpp">
      <Filter>Source Files</Filter>
    </ClCompile>
    <ClCompile Include="LocalProcess.cpp">
      <Filter>Source Files</Filter>
    </ClCompile>
  </ItemGroup>
  <ItemGroup>
    <None Include="MagoNatDE.def">
      <Filter>Source Files</Filter>
    </None>
    <None Include="Engine.rgs">
      <Filter>Resource Files</Filter>
    </None>
    <None Include="MagoNatDE.rgs">
      <Filter>Resource Files</Filter>
    </None>
    <None Include="ReadMe.txt" />
  </ItemGroup>
  <ItemGroup>
    <Midl Include="MagoNatDE.idl">
      <Filter>Source Files</Filter>
    </Midl>
  </ItemGroup>
  <ItemGroup>
    <ClInclude Include="BoundBreakpoint.h">
      <Filter>Header Files</Filter>
    </ClInclude>
    <ClInclude Include="BPBinderCallback.h">
      <Filter>Header Files</Filter>
    </ClInclude>
    <ClInclude Include="BPBinders.h">
      <Filter>Header Files</Filter>
    </ClInclude>
    <ClInclude Include="BPDocumentContext.h">
      <Filter>Header Files</Filter>
    </ClInclude>
    <ClInclude Include="BpResolutionLocation.h">
      <Filter>Header Files</Filter>
    </ClInclude>
    <ClInclude Include="BreakpointResolution.h">
      <Filter>Header Files</Filter>
    </ClInclude>
    <ClInclude Include="CodeContext.h">
      <Filter>Header Files</Filter>
    </ClInclude>
    <ClInclude Include="ComEnumWithCount.h">
      <Filter>Header Files</Filter>
    </ClInclude>
    <ClInclude Include="Common.h">
      <Filter>Header Files</Filter>
    </ClInclude>
    <ClInclude Include="Config.h">
      <Filter>Header Files</Filter>
    </ClInclude>
    <ClInclude Include="CVDecls.h">
      <Filter>Header Files</Filter>
    </ClInclude>
    <ClInclude Include="dbgmetric_alt.h">
      <Filter>Header Files</Filter>
    </ClInclude>
    <ClInclude Include="DebuggerProxy.h">
      <Filter>Header Files</Filter>
    </ClInclude>
    <ClInclude Include="DiaLoadCallback.h">
      <Filter>Header Files</Filter>
    </ClInclude>
    <ClInclude Include="DisassemblyStream.h">
      <Filter>Header Files</Filter>
    </ClInclude>
    <ClInclude Include="dllmain.h">
      <Filter>Header Files</Filter>
    </ClInclude>
    <ClInclude Include="DocumentContext.h">
      <Filter>Header Files</Filter>
    </ClInclude>
    <ClInclude Include="Engine.h">
      <Filter>Header Files</Filter>
    </ClInclude>
    <ClInclude Include="EnumFrameInfo.h">
      <Filter>Header Files</Filter>
    </ClInclude>
    <ClInclude Include="EnumPropertyInfo.h">
      <Filter>Header Files</Filter>
    </ClInclude>
    <ClInclude Include="EnumX86Reg.h">
      <Filter>Header Files</Filter>
    </ClInclude>
    <ClInclude Include="ErrorBreakpoint.h">
      <Filter>Header Files</Filter>
    </ClInclude>
    <ClInclude Include="ErrorBreakpointResolution.h">
      <Filter>Header Files</Filter>
    </ClInclude>
    <ClInclude Include="ErrorProperty.h">
      <Filter>Header Files</Filter>
    </ClInclude>
    <ClInclude Include="EventCallback.h">
      <Filter>Header Files</Filter>
    </ClInclude>
    <ClInclude Include="Events.h">
      <Filter>Header Files</Filter>
    </ClInclude>
    <ClInclude Include="Expr.h">
      <Filter>Header Files</Filter>
    </ClInclude>
    <ClInclude Include="ExprContext.h">
      <Filter>Header Files</Filter>
    </ClInclude>
    <ClInclude Include="FormatNum.h">
      <Filter>Header Files</Filter>
    </ClInclude>
    <ClInclude Include="FrameProperty.h">
      <Filter>Header Files</Filter>
    </ClInclude>
    <ClInclude Include="InstCache.h">
      <Filter>Header Files</Filter>
    </ClInclude>
    <ClInclude Include="MemoryBytes.h">
      <Filter>Header Files</Filter>
    </ClInclude>
    <ClInclude Include="Module.h">
      <Filter>Header Files</Filter>
    </ClInclude>
    <ClInclude Include="PendingBreakpoint.h">
      <Filter>Header Files</Filter>
    </ClInclude>
    <ClInclude Include="Program.h">
      <Filter>Header Files</Filter>
    </ClInclude>
    <ClInclude Include="ProgramNode.h">
      <Filter>Header Files</Filter>
    </ClInclude>
    <ClInclude Include="Property.h">
      <Filter>Header Files</Filter>
    </ClInclude>
    <ClInclude Include="RegisterSet.h">
      <Filter>Header Files</Filter>
    </ClInclude>
    <ClInclude Include="RegProperty.h">
      <Filter>Header Files</Filter>
    </ClInclude>
    <ClInclude Include="Resource.h">
      <Filter>Header Files</Filter>
    </ClInclude>
    <ClInclude Include="SingleDocumentContext.h">
      <Filter>Header Files</Filter>
    </ClInclude>
    <ClInclude Include="StackFrame.h">
      <Filter>Header Files</Filter>
    </ClInclude>
    <ClInclude Include="targetver.h">
      <Filter>Header Files</Filter>
    </ClInclude>
    <ClInclude Include="Thread.h">
      <Filter>Header Files</Filter>
    </ClInclude>
    <ClInclude Include="Utility.h">
      <Filter>Header Files</Filter>
    </ClInclude>
    <ClInclude Include="winternl2.h">
      <Filter>Header Files</Filter>
    </ClInclude>
    <ClInclude Include="MagoNatDE_i.h">
      <Filter>Generated Files</Filter>
    </ClInclude>
    <ClInclude Include="DocTracker.h">
      <Filter>Header Files</Filter>
    </ClInclude>
    <ClInclude Include="ExceptionTable.h">
      <Filter>Header Files</Filter>
    </ClInclude>
    <ClInclude Include="ArchDataX86.h">
      <Filter>Header Files</Filter>
    </ClInclude>
    <ClInclude Include="ArchData.h">
      <Filter>Header Files</Filter>
    </ClInclude>
    <ClInclude Include="WinStackWalker.h">
      <Filter>Header Files</Filter>
    </ClInclude>
    <ClInclude Include="DRuntime.h">
      <Filter>Header Files</Filter>
    </ClInclude>
    <ClInclude Include="ICoreProcess.h">
      <Filter>Header Files</Filter>
    </ClInclude>
    <ClInclude Include="LocalProcess.h">
      <Filter>Header Files</Filter>
    </ClInclude>
    <ClInclude Include="IDebuggerProxy.h">
      <Filter>Header Files</Filter>
    </ClInclude>
  </ItemGroup>
  <ItemGroup>
    <ResourceCompile Include="MagoNatDE.rc">
      <Filter>Resource Files</Filter>
    </ResourceCompile>
  </ItemGroup>
</Project>