<?xml version="1.0" encoding="utf-8"?>
<Project ToolsVersion="4.0" xmlns="http://schemas.microsoft.com/developer/msbuild/2003">
  <ItemGroup>
    <Filter Include="Source Files">
      <UniqueIdentifier>{4FC737F1-C7A5-4376-A066-2A32D752A2FF}</UniqueIdentifier>
      <Extensions>cpp;c;cc;cxx;def;odl;idl;hpj;bat;asm;asmx</Extensions>
    </Filter>
    <Filter Include="Header Files">
      <UniqueIdentifier>{93995380-89BD-4b04-88EB-625FBE52EBFB}</UniqueIdentifier>
      <Extensions>h;hpp;hxx;hm;inl;inc;xsd</Extensions>
    </Filter>
    <Filter Include="Resource Files">
      <UniqueIdentifier>{67DA6AB6-F800-4c08-8B7A-83BB121AAD01}</UniqueIdentifier>
      <Extensions>rc;ico;cur;bmp;dlg;rc2;rct;bin;rgs;gif;jpg;jpeg;jpe;resx;tiff;tif;png;wav</Extensions>
    </Filter>
  </ItemGroup>
  <ItemGroup>
    <ClCompile Include="Common.cpp">
      <Filter>Source Files</Filter>
    </ClCompile>
    <ClCompile Include="EED.cpp">
      <Filter>Source Files</Filter>
    </ClCompile>
    <ClCompile Include="EnumValues.cpp">
      <Filter>Source Files</Filter>
    </ClCompile>
    <ClCompile Include="Eval.cpp">
      <Filter>Source Files</Filter>
    </ClCompile>
    <ClCompile Include="EvalAssign.cpp">
      <Filter>Source Files</Filter>
    </ClCompile>
    <ClCompile Include="EvalBARL.cpp">
      <Filter>Source Files</Filter>
    </ClCompile>
    <ClCompile Include="EvalLiteral.cpp">
      <Filter>Source Files</Filter>
    </ClCompile>
    <ClCompile Include="EvalOther.cpp">
      <Filter>Source Files</Filter>
    </ClCompile>
    <ClCompile Include="Expression.cpp">
      <Filter>Source Files</Filter>
    </ClCompile>
    <ClCompile Include="FormatValue.cpp">
      <Filter>Source Files</Filter>
    </ClCompile>
    <ClCompile Include="Keywords.cpp">
      <Filter>Source Files</Filter>
    </ClCompile>
    <ClCompile Include="NamedChars.cpp">
      <Filter>Source Files</Filter>
    </ClCompile>
    <ClCompile Include="Object.cpp">
      <Filter>Source Files</Filter>
    </ClCompile>
    <ClCompile Include="Parser.cpp">
      <Filter>Source Files</Filter>
    </ClCompile>
    <ClCompile Include="ParserDecl.cpp">
      <Filter>Source Files</Filter>
    </ClCompile>
    <ClCompile Include="Properties.cpp">
      <Filter>Source Files</Filter>
    </ClCompile>
    <ClCompile Include="PropTables.cpp">
      <Filter>Source Files</Filter>
    </ClCompile>
    <ClCompile Include="Scanner.cpp">
      <Filter>Source Files</Filter>
    </ClCompile>
    <ClCompile Include="SharedString.cpp">
      <Filter>Source Files</Filter>
    </ClCompile>
    <ClCompile Include="SimpleNameTable.cpp">
      <Filter>Source Files</Filter>
    </ClCompile>
    <ClCompile Include="Type.cpp">
      <Filter>Source Files</Filter>
    </ClCompile>
    <ClCompile Include="TypeEnv.cpp">
      <Filter>Source Files</Filter>
    </ClCompile>
    <ClCompile Include="TypeUnresolved.cpp">
      <Filter>Source Files</Filter>
    </ClCompile>
    <ClCompile Include="UniAlpha.cpp">
      <Filter>Source Files</Filter>
    </ClCompile>
  </ItemGroup>
  <ItemGroup>
    <ClInclude Include="Common.h">
      <Filter>Header Files</Filter>
    </ClInclude>
    <ClInclude Include="Declaration.h">
      <Filter>Header Files</Filter>
    </ClInclude>
    <ClInclude Include="EE.h">
      <Filter>Header Files</Filter>
    </ClInclude>
    <ClInclude Include="EED.h">
      <Filter>Header Files</Filter>
    </ClInclude>
    <ClInclude Include="EnumValues.h">
      <Filter>Header Files</Filter>
    </ClInclude>
    <ClInclude Include="Error.h">
      <Filter>Header Files</Filter>
    </ClInclude>
    <ClInclude Include="Eval.h">
      <Filter>Header Files</Filter>
    </ClInclude>
    <ClInclude Include="Expression.h">
      <Filter>Header Files</Filter>
    </ClInclude>
    <ClInclude Include="FormatValue.h">
      <Filter>Header Files</Filter>
    </ClInclude>
    <ClInclude Include="ITypeEnv.h">
      <Filter>Header Files</Filter>
    </ClInclude>
    <ClInclude Include="Keywords.h">
      <Filter>Header Files</Filter>
    </ClInclude>
    <ClInclude Include="NamedChars.h">
      <Filter>Header Files</Filter>
    </ClInclude>
    <ClInclude Include="NameTable.h">
      <Filter>Header Files</Filter>
    </ClInclude>
    <ClInclude Include="Object.h">
      <Filter>Header Files</Filter>
    </ClInclude>
    <ClInclude Include="Parser.h">
      <Filter>Header Files</Filter>
    </ClInclude>
    <ClInclude Include="Properties.h">
      <Filter>Header Files</Filter>
    </ClInclude>
    <ClInclude Include="Property.h">
      <Filter>Header Files</Filter>
    </ClInclude>
    <ClInclude Include="PropTables.h">
      <Filter>Header Files</Filter>
    </ClInclude>
    <ClInclude Include="Scanner.h">
      <Filter>Header Files</Filter>
    </ClInclude>
    <ClInclude Include="SharedString.h">
      <Filter>Header Files</Filter>
    </ClInclude>
    <ClInclude Include="SimpleNameTable.h">
      <Filter>Header Files</Filter>
    </ClInclude>
    <ClInclude Include="targetver.h">
      <Filter>Header Files</Filter>
    </ClInclude>
    <ClInclude Include="Token.h">
      <Filter>Header Files</Filter>
    </ClInclude>
    <ClInclude Include="Type.h">
      <Filter>Header Files</Filter>
    </ClInclude>
    <ClInclude Include="TypeCommon.h">
      <Filter>Header Files</Filter>
    </ClInclude>
    <ClInclude Include="TypeEnv.h">
      <Filter>Header Files</Filter>
    </ClInclude>
    <ClInclude Include="TypeUnresolved.h">
      <Filter>Header Files</Filter>
    </ClInclude>
    <ClInclude Include="UniAlpha.h">
      <Filter>Header Files</Filter>
    </ClInclude>
    <ClInclude Include="Strings.h">
      <Filter>Header Files</Filter>
    </ClInclude>
  </ItemGroup>
  <ItemGroup>
    <None Include="ReadMe.txt" />
  </ItemGroup>
</Project>