<?xml version="1.0" encoding="utf-8"?>
<Project ToolsVersion="4.0" xmlns="http://schemas.microsoft.com/developer/msbuild/2003">
  <ItemGroup>
    <Filter Include="Source Files">
      <UniqueIdentifier>{4FC737F1-C7A5-4376-A066-2A32D752A2FF}</UniqueIdentifier>
      <Extensions>cpp;c;cc;cxx;def;odl;idl;hpj;bat;asm;asmx</Extensions>
    </Filter>
    <Filter Include="Header Files">
      <UniqueIdentifier>{93995380-89BD-4b04-88EB-625FBE52EBFB}</UniqueIdentifier>
      <Extensions>h;hpp;hxx;hm;inl;inc;xsd</Extensions>
    </Filter>
    <Filter Include="Resource Files">
      <UniqueIdentifier>{67DA6AB6-F800-4c08-8B7A-83BB121AAD01}</UniqueIdentifier>
      <Extensions>rc;ico;cur;bmp;dlg;rc2;rct;bin;rgs;gif;jpg;jpeg;jpe;resx;tiff;tif;png;wav</Extensions>
    </Filter>
  </ItemGroup>
  <ItemGroup>
    <ClCompile Include="BuildingContentHandler.cpp">
      <Filter>Source Files</Filter>
    </ClCompile>
    <ClCompile Include="Common.cpp">
      <Filter>Source Files</Filter>
    </ClCompile>
    <ClCompile Include="DataElement.cpp">
      <Filter>Source Files</Filter>
    </ClCompile>
    <ClCompile Include="DataEnv.cpp">
      <Filter>Source Files</Filter>
    </ClCompile>
    <ClCompile Include="DataValue.cpp">
      <Filter>Source Files</Filter>
    </ClCompile>
    <ClCompile Include="DeclDataElement.cpp">
      <Filter>Source Files</Filter>
    </ClCompile>
    <ClCompile Include="DiaDecls.cpp">
      <Filter>Source Files</Filter>
    </ClCompile>
    <ClCompile Include="EEDTest.cpp">
      <Filter>Source Files</Filter>
    </ClCompile>
    <ClCompile Include="ErrorStr.cpp">
      <Filter>Source Files</Filter>
    </ClCompile>
    <ClCompile Include="EventCallbackBase.cpp">
      <Filter>Source Files</Filter>
    </ClCompile>
    <ClCompile Include="PrintingContentHandler.cpp">
      <Filter>Source Files</Filter>
    </ClCompile>
    <ClCompile Include="ProgValueEnv.cpp">
      <Filter>Source Files</Filter>
    </ClCompile>
    <ClCompile Include="RefDataElement.cpp">
      <Filter>Source Files</Filter>
    </ClCompile>
    <ClCompile Include="SaxErrorHandler.cpp">
      <Filter>Source Files</Filter>
    </ClCompile>
    <ClCompile Include="SymUtil.cpp">
      <Filter>Source Files</Filter>
    </ClCompile>
    <ClCompile Include="TestElement.cpp">
      <Filter>Source Files</Filter>
    </ClCompile>
    <ClCompile Include="TypeDataElement.cpp">
      <Filter>Source Files</Filter>
    </ClCompile>
    <ClCompile Include="ValueDataElement.cpp">
      <Filter>Source Files</Filter>
    </ClCompile>
  </ItemGroup>
  <ItemGroup>
    <ClInclude Include="AppSettings.h">
      <Filter>Header Files</Filter>
    </ClInclude>
    <ClInclude Include="BuildingContentHandler.h">
      <Filter>Header Files</Filter>
    </ClInclude>
    <ClInclude Include="Common.h">
      <Filter>Header Files</Filter>
    </ClInclude>
    <ClInclude Include="DataElement.h">
      <Filter>Header Files</Filter>
    </ClInclude>
    <ClInclude Include="DataEnv.h">
      <Filter>Header Files</Filter>
    </ClInclude>
    <ClInclude Include="DataValue.h">
      <Filter>Header Files</Filter>
    </ClInclude>
    <ClInclude Include="DeclDataElement.h">
      <Filter>Header Files</Filter>
    </ClInclude>
    <ClInclude Include="DiaDecls.h">
      <Filter>Header Files</Filter>
    </ClInclude>
    <ClInclude Include="Element.h">
      <Filter>Header Files</Filter>
    </ClInclude>
    <ClInclude Include="ErrorStr.h">
      <Filter>Header Files</Filter>
    </ClInclude>
    <ClInclude Include="EventCallbackBase.h">
      <Filter>Header Files</Filter>
    </ClInclude>
    <ClInclude Include="PrintingContentHandler.h">
      <Filter>Header Files</Filter>
    </ClInclude>
    <ClInclude Include="ProgValueEnv.h">
      <Filter>Header Files</Filter>
    </ClInclude>
    <ClInclude Include="RefDataElement.h">
      <Filter>Header Files</Filter>
    </ClInclude>
    <ClInclude Include="SaxErrorHandler.h">
      <Filter>Header Files</Filter>
    </ClInclude>
    <ClInclude Include="SymUtil.h">
      <Filter>Header Files</Filter>
    </ClInclude>
    <ClInclude Include="targetver.h">
      <Filter>Header Files</Filter>
    </ClInclude>
    <ClInclude Include="TestElement.h">
      <Filter>Header Files</Filter>
    </ClInclude>
    <ClInclude Include="TypeDataElement.h">
      <Filter>Header Files</Filter>
    </ClInclude>
    <ClInclude Include="ValueDataElement.h">
      <Filter>Header Files</Filter>
    </ClInclude>
    <ClInclude Include="winternl2.h">
      <Filter>Header Files</Filter>
    </ClInclude>
  </ItemGroup>
  <ItemGroup>
    <None Include="ReadMe.txt" />
  </ItemGroup>
</Project>